
Microsoft Visual Studio Solution File, Format Version 11.00
# Visual Studio 2010
Project("{FAE04EC0-301F-11D3-BF4B-00C04F79EFBC}") = "Unity.VisualScripting.Flow", "Unity.VisualScripting.Flow.csproj", "{703acfe0-8e74-b11c-73f3-00506995e7a6}"
EndProject
Project("{FAE04EC0-301F-11D3-BF4B-00C04F79EFBC}") = "UnityEngine.TestRunner", "UnityEngine.TestRunner.csproj", "{bace3780-f626-3e21-c628-4e901ab2dc44}"
EndProject
Project("{FAE04EC0-301F-11D3-BF4B-00C04F79EFBC}") = "Unity.Mathematics", "Unity.Mathematics.csproj", "{77203226-cde8-525d-7e09-cc99c7003aad}"
EndProject
Project("{FAE04EC0-301F-11D3-BF4B-00C04F79EFBC}") = "Unity.Services.Core.Telemetry", "Unity.Services.Core.Telemetry.csproj", "{531ace32-cc0d-0dc8-d320-d99fa95298b8}"
EndProject
Project("{FAE04EC0-301F-11D3-BF4B-00C04F79EFBC}") = "Unity.VisualScripting.State", "Unity.VisualScripting.State.csproj", "{a2ee4c7e-e8ff-9652-3861-9129a5e3f181}"
EndProject
Project("{FAE04EC0-301F-11D3-BF4B-00C04F79EFBC}") = "Unity.VisualScripting.Core", "Unity.VisualScripting.Core.csproj", "{aa65fe25-dbd1-f3e6-3f03-67a6f2557ecf}"
EndProject
Project("{FAE04EC0-301F-11D3-BF4B-00C04F79EFBC}") = "Unity.Services.Core.Environments.Internal", "Unity.Services.Core.Environments.Internal.csproj", "{c0ff80e6-d5c0-17df-f531-8fa7ff7d5fee}"
EndProject
Project("{FAE04EC0-301F-11D3-BF4B-00C04F79EFBC}") = "Unity.Burst", "Unity.Burst.csproj", "{1b3e0ebe-2926-8f2d-b180-b061ff83869c}"
EndProject
Project("{FAE04EC0-301F-11D3-BF4B-00C04F79EFBC}") = "Unity.TextMeshPro", "Unity.TextMeshPro.csproj", "{e889eac9-199e-a213-47a0-cb1664fcc8d0}"
EndProject
Project("{FAE04EC0-301F-11D3-BF4B-00C04F79EFBC}") = "Cinemachine", "Cinemachine.csproj", "{062f6332-a61f-037f-9928-d4157d1d7967}"
EndProject
Project("{FAE04EC0-301F-11D3-BF4B-00C04F79EFBC}") = "Unity.Timeline", "Unity.Timeline.csproj", "{acdc90fc-64c8-1260-9113-232f2c851801}"
EndProject
Project("{FAE04EC0-301F-11D3-BF4B-00C04F79EFBC}") = "Unity.Services.Core", "Unity.Services.Core.csproj", "{a9020f53-e991-55df-f791-32f55fc7892c}"
EndProject
Project("{FAE04EC0-301F-11D3-BF4B-00C04F79EFBC}") = "Unity.Services.Core.Environments", "Unity.Services.Core.Environments.csproj", "{eebf82be-2217-37e6-81c0-2e7489fca340}"
EndProject
Project("{FAE04EC0-301F-11D3-BF4B-00C04F79EFBC}") = "Unity.Services.Core.Internal", "Unity.Services.Core.Internal.csproj", "{ed6f5790-3e82-d5d6-05a5-507e4bf4442d}"
EndProject
Project("{FAE04EC0-301F-11D3-BF4B-00C04F79EFBC}") = "Unity.Services.Core.Analytics", "Unity.Services.Core.Analytics.csproj", "{c9a02e8d-2d78-fa8a-3b14-9c2fa90eea02}"
EndProject
Project("{FAE04EC0-301F-11D3-BF4B-00C04F79EFBC}") = "Unity.Services.Core.Scheduler", "Unity.Services.Core.Scheduler.csproj", "{3e960143-e1b8-dc6d-ada9-900ffe82af53}"
EndProject
Project("{FAE04EC0-301F-11D3-BF4B-00C04F79EFBC}") = "Unity.Services.Core.Registration", "Unity.Services.Core.Registration.csproj", "{6aa72b87-5efd-b7e6-8cf6-8f166da0f507}"
EndProject
Project("{FAE04EC0-301F-11D3-BF4B-00C04F79EFBC}") = "Unity.Services.Core.Device", "Unity.Services.Core.Device.csproj", "{04c7da90-f316-ef50-ceff-cabb8a9d5076}"
EndProject
Project("{FAE04EC0-301F-11D3-BF4B-00C04F79EFBC}") = "Assembly-CSharp", "Assembly-CSharp.csproj", "{32255b36-5aef-3d98-1b8a-1304285e0690}"
EndProject
Project("{FAE04EC0-301F-11D3-BF4B-00C04F79EFBC}") = "Unity.Services.Core.Threading", "Unity.Services.Core.Threading.csproj", "{aabd3a0d-b02f-e676-aafb-f8647237f898}"
EndProject
Project("{FAE04EC0-301F-11D3-BF4B-00C04F79EFBC}") = "Unity.Services.Core.Networking", "Unity.Services.Core.Networking.csproj", "{19f87a42-e50c-0e44-a9f0-1cc19e3651d9}"
EndProject
Project("{FAE04EC0-301F-11D3-BF4B-00C04F79EFBC}") = "Unity.Services.Core.Configuration", "Unity.Services.Core.Configuration.csproj", "{aa50e715-ac94-c655-9cab-f7e2ce6bb218}"
EndProject
Project("{FAE04EC0-301F-11D3-BF4B-00C04F79EFBC}") = "Unity.PlasticSCM.Editor", "Unity.PlasticSCM.Editor.csproj", "{1793ee84-e07e-c788-d114-65e8580f9ff0}"
EndProject
Project("{FAE04EC0-301F-11D3-BF4B-00C04F79EFBC}") = "Unity.VisualScripting.Core.Editor", "Unity.VisualScripting.Core.Editor.csproj", "{a5473fca-1cb2-8c68-3142-e00271da7d16}"
EndProject
Project("{FAE04EC0-301F-11D3-BF4B-00C04F79EFBC}") = "Unity.VisualScripting.Flow.Editor", "Unity.VisualScripting.Flow.Editor.csproj", "{4791ca41-da8a-d16c-88f8-a1cffd862c16}"
EndProject
Project("{FAE04EC0-301F-11D3-BF4B-00C04F79EFBC}") = "Unity.VisualStudio.Editor", "Unity.VisualStudio.Editor.csproj", "{5fd7b560-61d7-feb1-2cf2-d3eaf890e91e}"
EndProject
Project("{FAE04EC0-301F-11D3-BF4B-00C04F79EFBC}") = "Unity.Timeline.Editor", "Unity.Timeline.Editor.csproj", "{2473cb7b-25d1-7e11-56fb-2a4a2f4b4746}"
EndProject
Project("{FAE04EC0-301F-11D3-BF4B-00C04F79EFBC}") = "com.unity.cinemachine.editor", "com.unity.cinemachine.editor.csproj", "{8bb7ff9c-4088-5547-3e16-a0e8e73ee123}"
EndProject
Project("{FAE04EC0-301F-11D3-BF4B-00C04F79EFBC}") = "Unity.VisualScripting.State.Editor", "Unity.VisualScripting.State.Editor.csproj", "{e69656e2-a085-5ff0-2de5-09f46988691f}"
EndProject
Project("{FAE04EC0-301F-11D3-BF4B-00C04F79EFBC}") = "Unity.TextMeshPro.Editor", "Unity.TextMeshPro.Editor.csproj", "{f80d3f5e-f11b-cad5-970f-6d5c5075bba8}"
EndProject
Project("{FAE04EC0-301F-11D3-BF4B-00C04F79EFBC}") = "Unity.VisualScripting.SettingsProvider.Editor", "Unity.VisualScripting.SettingsProvider.Editor.csproj", "{0dcf794f-adf3-9538-85c6-175c5c40691a}"
EndProject
Project("{FAE04EC0-301F-11D3-BF4B-00C04F79EFBC}") = "Unity.CollabProxy.Editor", "Unity.CollabProxy.Editor.csproj", "{88e7f9ff-316a-3425-d19d-3711236d742d}"
EndProject
Project("{FAE04EC0-301F-11D3-BF4B-00C04F79EFBC}") = "UnityEditor.TestRunner", "UnityEditor.TestRunner.csproj", "{d4dcc6bf-c184-8857-e113-bffc5930a7e2}"
EndProject
Project("{FAE04EC0-301F-11D3-BF4B-00C04F79EFBC}") = "Unity.Services.Core.Editor", "Unity.Services.Core.Editor.csproj", "{57395703-1fc3-e4a4-dc74-a934d99b06b9}"
EndProject
Project("{FAE04EC0-301F-11D3-BF4B-00C04F79EFBC}") = "Unity.TestTools.CodeCoverage.Editor", "Unity.TestTools.CodeCoverage.Editor.csproj", "{1d6edb76-3f48-a0a9-3c9a-00f4124a2115}"
EndProject
Project("{FAE04EC0-301F-11D3-BF4B-00C04F79EFBC}") = "Unity.Rider.Editor", "Unity.Rider.Editor.csproj", "{190b14ed-55f5-70ec-0ad2-4a2866aff35d}"
EndProject
Project("{FAE04EC0-301F-11D3-BF4B-00C04F79EFBC}") = "Unity.Performance.Profile-Analyzer.Editor", "Unity.Performance.Profile-Analyzer.Editor.csproj", "{eb4707ec-5d3d-50ff-1874-7dbdcb545928}"
EndProject
Project("{FAE04EC0-301F-11D3-BF4B-00C04F79EFBC}") = "Unity.Searcher.Editor", "Unity.Searcher.Editor.csproj", "{40485215-712f-4d97-0638-6b3ea115934e}"
EndProject
Project("{FAE04EC0-301F-11D3-BF4B-00C04F79EFBC}") = "Assembly-CSharp-Editor", "Assembly-CSharp-Editor.csproj", "{dbae5d80-ba20-93f6-3375-fafeb92b240d}"
EndProject
Project("{FAE04EC0-301F-11D3-BF4B-00C04F79EFBC}") = "Unity.Burst.CodeGen", "Unity.Burst.CodeGen.csproj", "{7b8c6f98-564a-2d5b-e437-b4d0c0e59dd6}"
EndProject
Project("{FAE04EC0-301F-11D3-BF4B-00C04F79EFBC}") = "Unity.VSCode.Editor", "Unity.VSCode.Editor.csproj", "{320d0caa-d714-8fe0-94ea-126989d39076}"
EndProject
Project("{FAE04EC0-301F-11D3-BF4B-00C04F79EFBC}") = "Unity.TestTools.CodeCoverage.Editor.OpenCover.Model", "Unity.TestTools.CodeCoverage.Editor.OpenCover.Model.csproj", "{aabbec02-a92c-fb27-035f-01191e2309f5}"
EndProject
Project("{FAE04EC0-301F-11D3-BF4B-00C04F79EFBC}") = "Unity.EditorCoroutines.Editor", "Unity.EditorCoroutines.Editor.csproj", "{bf701f45-5e41-3bbe-d8b2-6e5fa3be4415}"
EndProject
Project("{FAE04EC0-301F-11D3-BF4B-00C04F79EFBC}") = "Unity.Settings.Editor", "Unity.Settings.Editor.csproj", "{24ee4574-63cc-069f-04c5-4bcea000a87d}"
EndProject
Project("{FAE04EC0-301F-11D3-BF4B-00C04F79EFBC}") = "Unity.Mathematics.Editor", "Unity.Mathematics.Editor.csproj", "{f536ce89-be96-4639-7545-444ba3234685}"
EndProject
Project("{FAE04EC0-301F-11D3-BF4B-00C04F79EFBC}") = "Unity.Services.Core.Configuration.Editor", "Unity.Services.Core.Configuration.Editor.csproj", "{7cfbbaaa-ec05-42c0-e914-720e5a2a71b8}"
EndProject
Project("{FAE04EC0-301F-11D3-BF4B-00C04F79EFBC}") = "Unity.Burst.Editor", "Unity.Burst.Editor.csproj", "{67d1d8f2-53a7-9473-7d3e-8e9a0e67b013}"
EndProject
Project("{FAE04EC0-301F-11D3-BF4B-00C04F79EFBC}") = "Unity.TestTools.CodeCoverage.Editor.OpenCover.Mono.Reflection", "Unity.TestTools.CodeCoverage.Editor.OpenCover.Mono.Reflection.csproj", "{4b4ef716-d58c-d61a-692f-27a89818377e}"
EndProject
Project("{FAE04EC0-301F-11D3-BF4B-00C04F79EFBC}") = "Unity.VisualScripting.Shared.Editor", "Unity.VisualScripting.Shared.Editor.csproj", "{e7344661-409e-a52c-5390-141e685c539c}"
EndProject
Project("{FAE04EC0-301F-11D3-BF4B-00C04F79EFBC}") = "Unity.Mathematics.Tests", "Unity.Mathematics.Tests.csproj", "{2f243461-2fa6-c87b-f9c7-4ef08aebef61}"
EndProject
Project("{FAE04EC0-301F-11D3-BF4B-00C04F79EFBC}") = "Unity.Burst.Tests.UnitTests", "Unity.Burst.Tests.UnitTests.csproj", "{aef00e92-e831-cf07-66db-abd463b77424}"
EndProject
Project("{FAE04EC0-301F-11D3-BF4B-00C04F79EFBC}") = "Unity.PlasticSCM.EditorTests", "Unity.PlasticSCM.EditorTests.csproj", "{24b1e92d-c689-df1a-765f-3524e123103f}"
EndProject
Project("{FAE04EC0-301F-11D3-BF4B-00C04F79EFBC}") = "Unity.Searcher.EditorTests", "Unity.Searcher.EditorTests.csproj", "{eef62b15-99b4-f6c0-a2cd-a6df652292dd}"
EndProject
Project("{FAE04EC0-301F-11D3-BF4B-00C04F79EFBC}") = "Unity.Burst.Editor.Tests", "Unity.Burst.Editor.Tests.csproj", "{2b27601e-2ebb-400b-ffd7-9ef1ba5ca3d7}"
EndProject
Project("{FAE04EC0-301F-11D3-BF4B-00C04F79EFBC}") = "Unity.TestTools.CodeCoverage.Editor.Compatibility", "Unity.TestTools.CodeCoverage.Editor.Compatibility.csproj", "{cbaa1fcc-343b-c586-6e8a-5c63c9ef11eb}"
EndProject
Project("{FAE04EC0-301F-11D3-BF4B-00C04F79EFBC}") = "Unity.TextMeshPro.Editor.Tests", "Unity.TextMeshPro.Editor.Tests.csproj", "{8798b1bc-cbae-e9da-b3fe-158d79d6f713}"
EndProject
Project("{FAE04EC0-301F-11D3-BF4B-00C04F79EFBC}") = "DocCodeExamples", "DocCodeExamples.csproj", "{e49523ec-13bc-76d1-f9cb-f8e29ff7531e}"
EndProject
Project("{FAE04EC0-301F-11D3-BF4B-00C04F79EFBC}") = "com.unity.cinemachine.EditorTests", "com.unity.cinemachine.EditorTests.csproj", "{84cfe98a-2b74-9f54-4435-5be48e1907c4}"
EndProject
Project("{FAE04EC0-301F-11D3-BF4B-00C04F79EFBC}") = "Unity.Performance.Profile-Analyzer.EditorTests", "Unity.Performance.Profile-Analyzer.EditorTests.csproj", "{a74aaeed-6ded-ec3b-14e8-0679bd8b5942}"
EndProject
Project("{FAE04EC0-301F-11D3-BF4B-00C04F79EFBC}") = "Unity.CollabProxy.EditorTests", "Unity.CollabProxy.EditorTests.csproj", "{eb46b8e7-4d4b-30b8-8af2-96e48b644ffd}"
EndProject
Project("{FAE04EC0-301F-11D3-BF4B-00C04F79EFBC}") = "Unity.Settings.Tests", "Unity.Settings.Tests.csproj", "{a2b4fde0-39c5-8e29-4f1a-1e07f2920a18}"
EndProject
Project("{FAE04EC0-301F-11D3-BF4B-00C04F79EFBC}") = "com.unity.cinemachine.Tests", "com.unity.cinemachine.Tests.csproj", "{370a9550-74bb-fa21-a3b3-d8ef52c25fda}"
EndProject
Project("{FAE04EC0-301F-11D3-BF4B-00C04F79EFBC}") = "Unity.TextMeshPro.Tests", "Unity.TextMeshPro.Tests.csproj", "{50b763e8-e4ef-0b56-2e6f-44147e088ad8}"
EndProject
Project("{FAE04EC0-301F-11D3-BF4B-00C04F79EFBC}") = "SeparateAssembly", "SeparateAssembly.csproj", "{223bd3c5-bc8f-4f0c-7aa0-de93ededae5d}"
EndProject
Global
	GlobalSection(SolutionConfigurationPlatforms) = preSolution
		Debug|Any CPU = Debug|Any CPU
	EndGlobalSection
	GlobalSection(ProjectConfigurationPlatforms) = postSolution
		{703acfe0-8e74-b11c-73f3-00506995e7a6}.Debug|Any CPU.ActiveCfg = Debug|Any CPU
		{703acfe0-8e74-b11c-73f3-00506995e7a6}.Debug|Any CPU.Build.0 = Debug|Any CPU
		{bace3780-f626-3e21-c628-4e901ab2dc44}.Debug|Any CPU.ActiveCfg = Debug|Any CPU
		{bace3780-f626-3e21-c628-4e901ab2dc44}.Debug|Any CPU.Build.0 = Debug|Any CPU
		{77203226-cde8-525d-7e09-cc99c7003aad}.Debug|Any CPU.ActiveCfg = Debug|Any CPU
		{77203226-cde8-525d-7e09-cc99c7003aad}.Debug|Any CPU.Build.0 = Debug|Any CPU
		{531ace32-cc0d-0dc8-d320-d99fa95298b8}.Debug|Any CPU.ActiveCfg = Debug|Any CPU
		{531ace32-cc0d-0dc8-d320-d99fa95298b8}.Debug|Any CPU.Build.0 = Debug|Any CPU
		{a2ee4c7e-e8ff-9652-3861-9129a5e3f181}.Debug|Any CPU.ActiveCfg = Debug|Any CPU
		{a2ee4c7e-e8ff-9652-3861-9129a5e3f181}.Debug|Any CPU.Build.0 = Debug|Any CPU
		{aa65fe25-dbd1-f3e6-3f03-67a6f2557ecf}.Debug|Any CPU.ActiveCfg = Debug|Any CPU
		{aa65fe25-dbd1-f3e6-3f03-67a6f2557ecf}.Debug|Any CPU.Build.0 = Debug|Any CPU
		{c0ff80e6-d5c0-17df-f531-8fa7ff7d5fee}.Debug|Any CPU.ActiveCfg = Debug|Any CPU
		{c0ff80e6-d5c0-17df-f531-8fa7ff7d5fee}.Debug|Any CPU.Build.0 = Debug|Any CPU
		{1b3e0ebe-2926-8f2d-b180-b061ff83869c}.Debug|Any CPU.ActiveCfg = Debug|Any CPU
		{1b3e0ebe-2926-8f2d-b180-b061ff83869c}.Debug|Any CPU.Build.0 = Debug|Any CPU
		{e889eac9-199e-a213-47a0-cb1664fcc8d0}.Debug|Any CPU.ActiveCfg = Debug|Any CPU
		{e889eac9-199e-a213-47a0-cb1664fcc8d0}.Debug|Any CPU.Build.0 = Debug|Any CPU
		{062f6332-a61f-037f-9928-d4157d1d7967}.Debug|Any CPU.ActiveCfg = Debug|Any CPU
		{062f6332-a61f-037f-9928-d4157d1d7967}.Debug|Any CPU.Build.0 = Debug|Any CPU
		{acdc90fc-64c8-1260-9113-232f2c851801}.Debug|Any CPU.ActiveCfg = Debug|Any CPU
		{acdc90fc-64c8-1260-9113-232f2c851801}.Debug|Any CPU.Build.0 = Debug|Any CPU
		{a9020f53-e991-55df-f791-32f55fc7892c}.Debug|Any CPU.ActiveCfg = Debug|Any CPU
		{a9020f53-e991-55df-f791-32f55fc7892c}.Debug|Any CPU.Build.0 = Debug|Any CPU
		{eebf82be-2217-37e6-81c0-2e7489fca340}.Debug|Any CPU.ActiveCfg = Debug|Any CPU
		{eebf82be-2217-37e6-81c0-2e7489fca340}.Debug|Any CPU.Build.0 = Debug|Any CPU
		{ed6f5790-3e82-d5d6-05a5-507e4bf4442d}.Debug|Any CPU.ActiveCfg = Debug|Any CPU
		{ed6f5790-3e82-d5d6-05a5-507e4bf4442d}.Debug|Any CPU.Build.0 = Debug|Any CPU
		{c9a02e8d-2d78-fa8a-3b14-9c2fa90eea02}.Debug|Any CPU.ActiveCfg = Debug|Any CPU
		{c9a02e8d-2d78-fa8a-3b14-9c2fa90eea02}.Debug|Any CPU.Build.0 = Debug|Any CPU
		{3e960143-e1b8-dc6d-ada9-900ffe82af53}.Debug|Any CPU.ActiveCfg = Debug|Any CPU
		{3e960143-e1b8-dc6d-ada9-900ffe82af53}.Debug|Any CPU.Build.0 = Debug|Any CPU
		{6aa72b87-5efd-b7e6-8cf6-8f166da0f507}.Debug|Any CPU.ActiveCfg = Debug|Any CPU
		{6aa72b87-5efd-b7e6-8cf6-8f166da0f507}.Debug|Any CPU.Build.0 = Debug|Any CPU
		{04c7da90-f316-ef50-ceff-cabb8a9d5076}.Debug|Any CPU.ActiveCfg = Debug|Any CPU
		{04c7da90-f316-ef50-ceff-cabb8a9d5076}.Debug|Any CPU.Build.0 = Debug|Any CPU
		{32255b36-5aef-3d98-1b8a-1304285e0690}.Debug|Any CPU.ActiveCfg = Debug|Any CPU
		{32255b36-5aef-3d98-1b8a-1304285e0690}.Debug|Any CPU.Build.0 = Debug|Any CPU
		{aabd3a0d-b02f-e676-aafb-f8647237f898}.Debug|Any CPU.ActiveCfg = Debug|Any CPU
		{aabd3a0d-b02f-e676-aafb-f8647237f898}.Debug|Any CPU.Build.0 = Debug|Any CPU
		{19f87a42-e50c-0e44-a9f0-1cc19e3651d9}.Debug|Any CPU.ActiveCfg = Debug|Any CPU
		{19f87a42-e50c-0e44-a9f0-1cc19e3651d9}.Debug|Any CPU.Build.0 = Debug|Any CPU
		{aa50e715-ac94-c655-9cab-f7e2ce6bb218}.Debug|Any CPU.ActiveCfg = Debug|Any CPU
		{aa50e715-ac94-c655-9cab-f7e2ce6bb218}.Debug|Any CPU.Build.0 = Debug|Any CPU
		{1793ee84-e07e-c788-d114-65e8580f9ff0}.Debug|Any CPU.ActiveCfg = Debug|Any CPU
		{1793ee84-e07e-c788-d114-65e8580f9ff0}.Debug|Any CPU.Build.0 = Debug|Any CPU
		{a5473fca-1cb2-8c68-3142-e00271da7d16}.Debug|Any CPU.ActiveCfg = Debug|Any CPU
		{a5473fca-1cb2-8c68-3142-e00271da7d16}.Debug|Any CPU.Build.0 = Debug|Any CPU
		{4791ca41-da8a-d16c-88f8-a1cffd862c16}.Debug|Any CPU.ActiveCfg = Debug|Any CPU
		{4791ca41-da8a-d16c-88f8-a1cffd862c16}.Debug|Any CPU.Build.0 = Debug|Any CPU
		{5fd7b560-61d7-feb1-2cf2-d3eaf890e91e}.Debug|Any CPU.ActiveCfg = Debug|Any CPU
		{5fd7b560-61d7-feb1-2cf2-d3eaf890e91e}.Debug|Any CPU.Build.0 = Debug|Any CPU
		{2473cb7b-25d1-7e11-56fb-2a4a2f4b4746}.Debug|Any CPU.ActiveCfg = Debug|Any CPU
		{2473cb7b-25d1-7e11-56fb-2a4a2f4b4746}.Debug|Any CPU.Build.0 = Debug|Any CPU
		{8bb7ff9c-4088-5547-3e16-a0e8e73ee123}.Debug|Any CPU.ActiveCfg = Debug|Any CPU
		{8bb7ff9c-4088-5547-3e16-a0e8e73ee123}.Debug|Any CPU.Build.0 = Debug|Any CPU
		{e69656e2-a085-5ff0-2de5-09f46988691f}.Debug|Any CPU.ActiveCfg = Debug|Any CPU
		{e69656e2-a085-5ff0-2de5-09f46988691f}.Debug|Any CPU.Build.0 = Debug|Any CPU
		{f80d3f5e-f11b-cad5-970f-6d5c5075bba8}.Debug|Any CPU.ActiveCfg = Debug|Any CPU
		{f80d3f5e-f11b-cad5-970f-6d5c5075bba8}.Debug|Any CPU.Build.0 = Debug|Any CPU
		{0dcf794f-adf3-9538-85c6-175c5c40691a}.Debug|Any CPU.ActiveCfg = Debug|Any CPU
		{0dcf794f-adf3-9538-85c6-175c5c40691a}.Debug|Any CPU.Build.0 = Debug|Any CPU
		{88e7f9ff-316a-3425-d19d-3711236d742d}.Debug|Any CPU.ActiveCfg = Debug|Any CPU
		{88e7f9ff-316a-3425-d19d-3711236d742d}.Debug|Any CPU.Build.0 = Debug|Any CPU
		{d4dcc6bf-c184-8857-e113-bffc5930a7e2}.Debug|Any CPU.ActiveCfg = Debug|Any CPU
		{d4dcc6bf-c184-8857-e113-bffc5930a7e2}.Debug|Any CPU.Build.0 = Debug|Any CPU
		{57395703-1fc3-e4a4-dc74-a934d99b06b9}.Debug|Any CPU.ActiveCfg = Debug|Any CPU
		{57395703-1fc3-e4a4-dc74-a934d99b06b9}.Debug|Any CPU.Build.0 = Debug|Any CPU
		{1d6edb76-3f48-a0a9-3c9a-00f4124a2115}.Debug|Any CPU.ActiveCfg = Debug|Any CPU
		{1d6edb76-3f48-a0a9-3c9a-00f4124a2115}.Debug|Any CPU.Build.0 = Debug|Any CPU
		{190b14ed-55f5-70ec-0ad2-4a2866aff35d}.Debug|Any CPU.ActiveCfg = Debug|Any CPU
		{190b14ed-55f5-70ec-0ad2-4a2866aff35d}.Debug|Any CPU.Build.0 = Debug|Any CPU
		{eb4707ec-5d3d-50ff-1874-7dbdcb545928}.Debug|Any CPU.ActiveCfg = Debug|Any CPU
		{eb4707ec-5d3d-50ff-1874-7dbdcb545928}.Debug|Any CPU.Build.0 = Debug|Any CPU
		{40485215-712f-4d97-0638-6b3ea115934e}.Debug|Any CPU.ActiveCfg = Debug|Any CPU
		{40485215-712f-4d97-0638-6b3ea115934e}.Debug|Any CPU.Build.0 = Debug|Any CPU
		{dbae5d80-ba20-93f6-3375-fafeb92b240d}.Debug|Any CPU.ActiveCfg = Debug|Any CPU
		{dbae5d80-ba20-93f6-3375-fafeb92b240d}.Debug|Any CPU.Build.0 = Debug|Any CPU
		{7b8c6f98-564a-2d5b-e437-b4d0c0e59dd6}.Debug|Any CPU.ActiveCfg = Debug|Any CPU
		{7b8c6f98-564a-2d5b-e437-b4d0c0e59dd6}.Debug|Any CPU.Build.0 = Debug|Any CPU
		{320d0caa-d714-8fe0-94ea-126989d39076}.Debug|Any CPU.ActiveCfg = Debug|Any CPU
		{320d0caa-d714-8fe0-94ea-126989d39076}.Debug|Any CPU.Build.0 = Debug|Any CPU
		{aabbec02-a92c-fb27-035f-01191e2309f5}.Debug|Any CPU.ActiveCfg = Debug|Any CPU
		{aabbec02-a92c-fb27-035f-01191e2309f5}.Debug|Any CPU.Build.0 = Debug|Any CPU
		{bf701f45-5e41-3bbe-d8b2-6e5fa3be4415}.Debug|Any CPU.ActiveCfg = Debug|Any CPU
		{bf701f45-5e41-3bbe-d8b2-6e5fa3be4415}.Debug|Any CPU.Build.0 = Debug|Any CPU
		{24ee4574-63cc-069f-04c5-4bcea000a87d}.Debug|Any CPU.ActiveCfg = Debug|Any CPU
		{24ee4574-63cc-069f-04c5-4bcea000a87d}.Debug|Any CPU.Build.0 = Debug|Any CPU
		{f536ce89-be96-4639-7545-444ba3234685}.Debug|Any CPU.ActiveCfg = Debug|Any CPU
		{f536ce89-be96-4639-7545-444ba3234685}.Debug|Any CPU.Build.0 = Debug|Any CPU
		{7cfbbaaa-ec05-42c0-e914-720e5a2a71b8}.Debug|Any CPU.ActiveCfg = Debug|Any CPU
		{7cfbbaaa-ec05-42c0-e914-720e5a2a71b8}.Debug|Any CPU.Build.0 = Debug|Any CPU
		{67d1d8f2-53a7-9473-7d3e-8e9a0e67b013}.Debug|Any CPU.ActiveCfg = Debug|Any CPU
		{67d1d8f2-53a7-9473-7d3e-8e9a0e67b013}.Debug|Any CPU.Build.0 = Debug|Any CPU
		{4b4ef716-d58c-d61a-692f-27a89818377e}.Debug|Any CPU.ActiveCfg = Debug|Any CPU
		{4b4ef716-d58c-d61a-692f-27a89818377e}.Debug|Any CPU.Build.0 = Debug|Any CPU
		{e7344661-409e-a52c-5390-141e685c539c}.Debug|Any CPU.ActiveCfg = Debug|Any CPU
		{e7344661-409e-a52c-5390-141e685c539c}.Debug|Any CPU.Build.0 = Debug|Any CPU
		{2f243461-2fa6-c87b-f9c7-4ef08aebef61}.Debug|Any CPU.ActiveCfg = Debug|Any CPU
		{2f243461-2fa6-c87b-f9c7-4ef08aebef61}.Debug|Any CPU.Build.0 = Debug|Any CPU
		{aef00e92-e831-cf07-66db-abd463b77424}.Debug|Any CPU.ActiveCfg = Debug|Any CPU
		{aef00e92-e831-cf07-66db-abd463b77424}.Debug|Any CPU.Build.0 = Debug|Any CPU
		{24b1e92d-c689-df1a-765f-3524e123103f}.Debug|Any CPU.ActiveCfg = Debug|Any CPU
		{24b1e92d-c689-df1a-765f-3524e123103f}.Debug|Any CPU.Build.0 = Debug|Any CPU
		{eef62b15-99b4-f6c0-a2cd-a6df652292dd}.Debug|Any CPU.ActiveCfg = Debug|Any CPU
		{eef62b15-99b4-f6c0-a2cd-a6df652292dd}.Debug|Any CPU.Build.0 = Debug|Any CPU
		{2b27601e-2ebb-400b-ffd7-9ef1ba5ca3d7}.Debug|Any CPU.ActiveCfg = Debug|Any CPU
		{2b27601e-2ebb-400b-ffd7-9ef1ba5ca3d7}.Debug|Any CPU.Build.0 = Debug|Any CPU
		{cbaa1fcc-343b-c586-6e8a-5c63c9ef11eb}.Debug|Any CPU.ActiveCfg = Debug|Any CPU
		{cbaa1fcc-343b-c586-6e8a-5c63c9ef11eb}.Debug|Any CPU.Build.0 = Debug|Any CPU
		{8798b1bc-cbae-e9da-b3fe-158d79d6f713}.Debug|Any CPU.ActiveCfg = Debug|Any CPU
		{8798b1bc-cbae-e9da-b3fe-158d79d6f713}.Debug|Any CPU.Build.0 = Debug|Any CPU
		{e49523ec-13bc-76d1-f9cb-f8e29ff7531e}.Debug|Any CPU.ActiveCfg = Debug|Any CPU
		{e49523ec-13bc-76d1-f9cb-f8e29ff7531e}.Debug|Any CPU.Build.0 = Debug|Any CPU
		{84cfe98a-2b74-9f54-4435-5be48e1907c4}.Debug|Any CPU.ActiveCfg = Debug|Any CPU
		{84cfe98a-2b74-9f54-4435-5be48e1907c4}.Debug|Any CPU.Build.0 = Debug|Any CPU
		{a74aaeed-6ded-ec3b-14e8-0679bd8b5942}.Debug|Any CPU.ActiveCfg = Debug|Any CPU
		{a74aaeed-6ded-ec3b-14e8-0679bd8b5942}.Debug|Any CPU.Build.0 = Debug|Any CPU
		{eb46b8e7-4d4b-30b8-8af2-96e48b644ffd}.Debug|Any CPU.ActiveCfg = Debug|Any CPU
		{eb46b8e7-4d4b-30b8-8af2-96e48b644ffd}.Debug|Any CPU.Build.0 = Debug|Any CPU
		{a2b4fde0-39c5-8e29-4f1a-1e07f2920a18}.Debug|Any CPU.ActiveCfg = Debug|Any CPU
		{a2b4fde0-39c5-8e29-4f1a-1e07f2920a18}.Debug|Any CPU.Build.0 = Debug|Any CPU
		{370a9550-74bb-fa21-a3b3-d8ef52c25fda}.Debug|Any CPU.ActiveCfg = Debug|Any CPU
		{370a9550-74bb-fa21-a3b3-d8ef52c25fda}.Debug|Any CPU.Build.0 = Debug|Any CPU
		{50b763e8-e4ef-0b56-2e6f-44147e088ad8}.Debug|Any CPU.ActiveCfg = Debug|Any CPU
		{50b763e8-e4ef-0b56-2e6f-44147e088ad8}.Debug|Any CPU.Build.0 = Debug|Any CPU
		{223bd3c5-bc8f-4f0c-7aa0-de93ededae5d}.Debug|Any CPU.ActiveCfg = Debug|Any CPU
		{223bd3c5-bc8f-4f0c-7aa0-de93ededae5d}.Debug|Any CPU.Build.0 = Debug|Any CPU
	EndGlobalSection
	GlobalSection(SolutionProperties) = preSolution
		HideSolutionNode = FALSE
	EndGlobalSection
EndGlobal
